// !$*UTF8*$!
{
	archiveVersion = 1;
	classes = {
	};
	objectVersion = 55;
	objects = {

/* Begin PBXBuildFile section */
		1A15C552270E8AB600719525 /* AppDelegate.swift in Sources */ = {isa = PBXBuildFile; fileRef = 1A15C551270E8AB600719525 /* AppDelegate.swift */; };
		1A15C554270E8AB600719525 /* SceneDelegate.swift in Sources */ = {isa = PBXBuildFile; fileRef = 1A15C553270E8AB600719525 /* SceneDelegate.swift */; };
		1A15C556270E8AB600719525 /* ViewController.swift in Sources */ = {isa = PBXBuildFile; fileRef = 1A15C555270E8AB600719525 /* ViewController.swift */; };
		1A15C55B270E8ABC00719525 /* Assets.xcassets in Resources */ = {isa = PBXBuildFile; fileRef = 1A15C55A270E8ABC00719525 /* Assets.xcassets */; };
		1A15C55E270E8ABC00719525 /* LaunchScreen.storyboard in Resources */ = {isa = PBXBuildFile; fileRef = 1A15C55C270E8ABC00719525 /* LaunchScreen.storyboard */; };
		92511745272F993800805F7B /* UIView+TestHelpers.swift in Sources */ = {isa = PBXBuildFile; fileRef = 92511744272F993800805F7B /* UIView+TestHelpers.swift */; };
		92574ADD270FE8C1004FD315 /* EssentialFeed.framework in Frameworks */ = {isa = PBXBuildFile; fileRef = 92574ADB270FE8C1004FD315 /* EssentialFeed.framework */; };
		92574ADE270FE8C1004FD315 /* EssentialFeed.framework in Embed Frameworks */ = {isa = PBXBuildFile; fileRef = 92574ADB270FE8C1004FD315 /* EssentialFeed.framework */; settings = {ATTRIBUTES = (CodeSignOnCopy, RemoveHeadersOnCopy, ); }; };
		92574ADF270FE8C1004FD315 /* EssentialFeediOS.framework in Frameworks */ = {isa = PBXBuildFile; fileRef = 92574ADC270FE8C1004FD315 /* EssentialFeediOS.framework */; };
		92574AE0270FE8C1004FD315 /* EssentialFeediOS.framework in Embed Frameworks */ = {isa = PBXBuildFile; fileRef = 92574ADC270FE8C1004FD315 /* EssentialFeediOS.framework */; settings = {ATTRIBUTES = (CodeSignOnCopy, RemoveHeadersOnCopy, ); }; };
		92574AE8270FF4E6004FD315 /* XCTestCase+MemoryLeakTracking.swift in Sources */ = {isa = PBXBuildFile; fileRef = 92574AE7270FF4E6004FD315 /* XCTestCase+MemoryLeakTracking.swift */; };
		92574AEA270FF538004FD315 /* SharedTestHelpers.swift in Sources */ = {isa = PBXBuildFile; fileRef = 92574AE9270FF538004FD315 /* SharedTestHelpers.swift */; };
		929629B3272262610013248F /* SceneDelegateTests.swift in Sources */ = {isa = PBXBuildFile; fileRef = 929629B2272262610013248F /* SceneDelegateTests.swift */; };
		929629D0272269010013248F /* UIRefreshControl+TestHelpers.swift in Sources */ = {isa = PBXBuildFile; fileRef = 929629CA272269000013248F /* UIRefreshControl+TestHelpers.swift */; };
		929629D2272269010013248F /* UIButton+TestHelpers.swift in Sources */ = {isa = PBXBuildFile; fileRef = 929629CE272269010013248F /* UIButton+TestHelpers.swift */; };
		929629D3272269010013248F /* ListViewController+TestHelpers.swift in Sources */ = {isa = PBXBuildFile; fileRef = 929629CB272269000013248F /* ListViewController+TestHelpers.swift */; };
		929629D4272269010013248F /* FeedUIIntegrationTests+LoaderSpy.swift in Sources */ = {isa = PBXBuildFile; fileRef = 929629CF272269010013248F /* FeedUIIntegrationTests+LoaderSpy.swift */; };
		929629D5272269010013248F /* UIControl+TestHelpers.swift in Sources */ = {isa = PBXBuildFile; fileRef = 929629CD272269000013248F /* UIControl+TestHelpers.swift */; };
		929629D6272269010013248F /* FeedImageCell+TestHelpers.swift in Sources */ = {isa = PBXBuildFile; fileRef = 929629C8272269000013248F /* FeedImageCell+TestHelpers.swift */; };
		929629D7272269010013248F /* UIImage+TestHelpers.swift in Sources */ = {isa = PBXBuildFile; fileRef = 929629C9272269000013248F /* UIImage+TestHelpers.swift */; };
		929629DB272269630013248F /* FeedUIIntegrationTests.swift in Sources */ = {isa = PBXBuildFile; fileRef = 929629DA272269630013248F /* FeedUIIntegrationTests.swift */; };
		929629E3272269D50013248F /* WeakRefVirtualProxy.swift in Sources */ = {isa = PBXBuildFile; fileRef = 929629DD272269D50013248F /* WeakRefVirtualProxy.swift */; };
		929629E4272269D50013248F /* FeedUIComposer.swift in Sources */ = {isa = PBXBuildFile; fileRef = 929629DE272269D50013248F /* FeedUIComposer.swift */; };
		929629E5272269D50013248F /* LoadResourcePresentationAdapter.swift in Sources */ = {isa = PBXBuildFile; fileRef = 929629E1272269D50013248F /* LoadResourcePresentationAdapter.swift */; };
		929629E7272269D50013248F /* FeedViewAdapter.swift in Sources */ = {isa = PBXBuildFile; fileRef = 929629DC272269D50013248F /* FeedViewAdapter.swift */; };
		929629E92722893F0013248F /* FeedAcceptanceTests.swift in Sources */ = {isa = PBXBuildFile; fileRef = 929629E82722893F0013248F /* FeedAcceptanceTests.swift */; };
		929629EB272298AF0013248F /* HTTPClientStub.swift in Sources */ = {isa = PBXBuildFile; fileRef = 929629EA272298AF0013248F /* HTTPClientStub.swift */; };
		929629ED272299C40013248F /* InMemoryFeedStore.swift in Sources */ = {isa = PBXBuildFile; fileRef = 929629EC272299C40013248F /* InMemoryFeedStore.swift */; };
		92D8F60E2754BE47002B4735 /* CombineHelpers.swift in Sources */ = {isa = PBXBuildFile; fileRef = 92D8F60D2754BE47002B4735 /* CombineHelpers.swift */; };
		92FC973F278D25CA00364869 /* CommentsUIIntegrationTests.swift in Sources */ = {isa = PBXBuildFile; fileRef = 92FC973E278D25CA00364869 /* CommentsUIIntegrationTests.swift */; };
		92FC9741278D266600364869 /* CommentsUIComposer.swift in Sources */ = {isa = PBXBuildFile; fileRef = 92FC9740278D266600364869 /* CommentsUIComposer.swift */; };
/* End PBXBuildFile section */

/* Begin PBXContainerItemProxy section */
		1A15C565270E8ABD00719525 /* PBXContainerItemProxy */ = {
			isa = PBXContainerItemProxy;
			containerPortal = 1A15C546270E8AB600719525 /* Project object */;
			proxyType = 1;
			remoteGlobalIDString = 1A15C54D270E8AB600719525;
			remoteInfo = EssentialApp;
		};
/* End PBXContainerItemProxy section */

/* Begin PBXCopyFilesBuildPhase section */
		92574AE1270FE8C1004FD315 /* Embed Frameworks */ = {
			isa = PBXCopyFilesBuildPhase;
			buildActionMask = 2147483647;
			dstPath = "";
			dstSubfolderSpec = 10;
			files = (
				92574ADE270FE8C1004FD315 /* EssentialFeed.framework in Embed Frameworks */,
				92574AE0270FE8C1004FD315 /* EssentialFeediOS.framework in Embed Frameworks */,
			);
			name = "Embed Frameworks";
			runOnlyForDeploymentPostprocessing = 0;
		};
/* End PBXCopyFilesBuildPhase section */

/* Begin PBXFileReference section */
		1A15C54E270E8AB600719525 /* EssentialApp.app */ = {isa = PBXFileReference; explicitFileType = wrapper.application; includeInIndex = 0; path = EssentialApp.app; sourceTree = BUILT_PRODUCTS_DIR; };
		1A15C551270E8AB600719525 /* AppDelegate.swift */ = {isa = PBXFileReference; lastKnownFileType = sourcecode.swift; path = AppDelegate.swift; sourceTree = "<group>"; };
		1A15C553270E8AB600719525 /* SceneDelegate.swift */ = {isa = PBXFileReference; lastKnownFileType = sourcecode.swift; path = SceneDelegate.swift; sourceTree = "<group>"; };
		1A15C555270E8AB600719525 /* ViewController.swift */ = {isa = PBXFileReference; lastKnownFileType = sourcecode.swift; path = ViewController.swift; sourceTree = "<group>"; };
		1A15C55A270E8ABC00719525 /* Assets.xcassets */ = {isa = PBXFileReference; lastKnownFileType = folder.assetcatalog; path = Assets.xcassets; sourceTree = "<group>"; };
		1A15C55D270E8ABC00719525 /* Base */ = {isa = PBXFileReference; lastKnownFileType = file.storyboard; name = Base; path = Base.lproj/LaunchScreen.storyboard; sourceTree = "<group>"; };
		1A15C55F270E8ABC00719525 /* Info.plist */ = {isa = PBXFileReference; lastKnownFileType = text.plist.xml; path = Info.plist; sourceTree = "<group>"; };
		1A15C564270E8ABD00719525 /* EssentialAppTests.xctest */ = {isa = PBXFileReference; explicitFileType = wrapper.cfbundle; includeInIndex = 0; path = EssentialAppTests.xctest; sourceTree = BUILT_PRODUCTS_DIR; };
		92511744272F993800805F7B /* UIView+TestHelpers.swift */ = {isa = PBXFileReference; lastKnownFileType = sourcecode.swift; path = "UIView+TestHelpers.swift"; sourceTree = "<group>"; };
		92574ADB270FE8C1004FD315 /* EssentialFeed.framework */ = {isa = PBXFileReference; explicitFileType = wrapper.framework; path = EssentialFeed.framework; sourceTree = BUILT_PRODUCTS_DIR; };
		92574ADC270FE8C1004FD315 /* EssentialFeediOS.framework */ = {isa = PBXFileReference; explicitFileType = wrapper.framework; path = EssentialFeediOS.framework; sourceTree = BUILT_PRODUCTS_DIR; };
		92574AE7270FF4E6004FD315 /* XCTestCase+MemoryLeakTracking.swift */ = {isa = PBXFileReference; lastKnownFileType = sourcecode.swift; path = "XCTestCase+MemoryLeakTracking.swift"; sourceTree = "<group>"; };
		92574AE9270FF538004FD315 /* SharedTestHelpers.swift */ = {isa = PBXFileReference; lastKnownFileType = sourcecode.swift; path = SharedTestHelpers.swift; sourceTree = "<group>"; };
		929629B2272262610013248F /* SceneDelegateTests.swift */ = {isa = PBXFileReference; lastKnownFileType = sourcecode.swift; path = SceneDelegateTests.swift; sourceTree = "<group>"; };
		929629C8272269000013248F /* FeedImageCell+TestHelpers.swift */ = {isa = PBXFileReference; lastKnownFileType = sourcecode.swift; path = "FeedImageCell+TestHelpers.swift"; sourceTree = "<group>"; };
		929629C9272269000013248F /* UIImage+TestHelpers.swift */ = {isa = PBXFileReference; lastKnownFileType = sourcecode.swift; path = "UIImage+TestHelpers.swift"; sourceTree = "<group>"; };
		929629CA272269000013248F /* UIRefreshControl+TestHelpers.swift */ = {isa = PBXFileReference; lastKnownFileType = sourcecode.swift; path = "UIRefreshControl+TestHelpers.swift"; sourceTree = "<group>"; };
		929629CB272269000013248F /* ListViewController+TestHelpers.swift */ = {isa = PBXFileReference; lastKnownFileType = sourcecode.swift; path = "ListViewController+TestHelpers.swift"; sourceTree = "<group>"; };
		929629CD272269000013248F /* UIControl+TestHelpers.swift */ = {isa = PBXFileReference; lastKnownFileType = sourcecode.swift; path = "UIControl+TestHelpers.swift"; sourceTree = "<group>"; };
		929629CE272269010013248F /* UIButton+TestHelpers.swift */ = {isa = PBXFileReference; lastKnownFileType = sourcecode.swift; path = "UIButton+TestHelpers.swift"; sourceTree = "<group>"; };
		929629CF272269010013248F /* FeedUIIntegrationTests+LoaderSpy.swift */ = {isa = PBXFileReference; lastKnownFileType = sourcecode.swift; path = "FeedUIIntegrationTests+LoaderSpy.swift"; sourceTree = "<group>"; };
		929629DA272269630013248F /* FeedUIIntegrationTests.swift */ = {isa = PBXFileReference; lastKnownFileType = sourcecode.swift; path = FeedUIIntegrationTests.swift; sourceTree = "<group>"; };
		929629DC272269D50013248F /* FeedViewAdapter.swift */ = {isa = PBXFileReference; lastKnownFileType = sourcecode.swift; path = FeedViewAdapter.swift; sourceTree = "<group>"; };
		929629DD272269D50013248F /* WeakRefVirtualProxy.swift */ = {isa = PBXFileReference; lastKnownFileType = sourcecode.swift; path = WeakRefVirtualProxy.swift; sourceTree = "<group>"; };
		929629DE272269D50013248F /* FeedUIComposer.swift */ = {isa = PBXFileReference; lastKnownFileType = sourcecode.swift; path = FeedUIComposer.swift; sourceTree = "<group>"; };
		929629E1272269D50013248F /* LoadResourcePresentationAdapter.swift */ = {isa = PBXFileReference; lastKnownFileType = sourcecode.swift; path = LoadResourcePresentationAdapter.swift; sourceTree = "<group>"; };
		929629E82722893F0013248F /* FeedAcceptanceTests.swift */ = {isa = PBXFileReference; lastKnownFileType = sourcecode.swift; path = FeedAcceptanceTests.swift; sourceTree = "<group>"; };
		929629EA272298AF0013248F /* HTTPClientStub.swift */ = {isa = PBXFileReference; lastKnownFileType = sourcecode.swift; path = HTTPClientStub.swift; sourceTree = "<group>"; };
		929629EC272299C40013248F /* InMemoryFeedStore.swift */ = {isa = PBXFileReference; lastKnownFileType = sourcecode.swift; path = InMemoryFeedStore.swift; sourceTree = "<group>"; };
		92D8F60D2754BE47002B4735 /* CombineHelpers.swift */ = {isa = PBXFileReference; lastKnownFileType = sourcecode.swift; path = CombineHelpers.swift; sourceTree = "<group>"; };
		92FC973E278D25CA00364869 /* CommentsUIIntegrationTests.swift */ = {isa = PBXFileReference; lastKnownFileType = sourcecode.swift; path = CommentsUIIntegrationTests.swift; sourceTree = "<group>"; };
		92FC9740278D266600364869 /* CommentsUIComposer.swift */ = {isa = PBXFileReference; lastKnownFileType = sourcecode.swift; path = CommentsUIComposer.swift; sourceTree = "<group>"; };
/* End PBXFileReference section */

/* Begin PBXFrameworksBuildPhase section */
		1A15C54B270E8AB600719525 /* Frameworks */ = {
			isa = PBXFrameworksBuildPhase;
			buildActionMask = 2147483647;
			files = (
				92574ADD270FE8C1004FD315 /* EssentialFeed.framework in Frameworks */,
				92574ADF270FE8C1004FD315 /* EssentialFeediOS.framework in Frameworks */,
			);
			runOnlyForDeploymentPostprocessing = 0;
		};
		1A15C561270E8ABD00719525 /* Frameworks */ = {
			isa = PBXFrameworksBuildPhase;
			buildActionMask = 2147483647;
			files = (
			);
			runOnlyForDeploymentPostprocessing = 0;
		};
/* End PBXFrameworksBuildPhase section */

/* Begin PBXGroup section */
		1A15C545270E8AB600719525 = {
			isa = PBXGroup;
			children = (
				1A15C550270E8AB600719525 /* EssentialApp */,
				1A15C567270E8ABD00719525 /* EssentialAppTests */,
				1A15C54F270E8AB600719525 /* Products */,
				92574ADA270FE8C1004FD315 /* Frameworks */,
			);
			sourceTree = "<group>";
		};
		1A15C54F270E8AB600719525 /* Products */ = {
			isa = PBXGroup;
			children = (
				1A15C54E270E8AB600719525 /* EssentialApp.app */,
				1A15C564270E8ABD00719525 /* EssentialAppTests.xctest */,
			);
			name = Products;
			sourceTree = "<group>";
		};
		1A15C550270E8AB600719525 /* EssentialApp */ = {
			isa = PBXGroup;
			children = (
				1A15C551270E8AB600719525 /* AppDelegate.swift */,
				1A15C553270E8AB600719525 /* SceneDelegate.swift */,
				929629DE272269D50013248F /* FeedUIComposer.swift */,
				929629DD272269D50013248F /* WeakRefVirtualProxy.swift */,
				929629E1272269D50013248F /* LoadResourcePresentationAdapter.swift */,
				929629DC272269D50013248F /* FeedViewAdapter.swift */,
				92D8F60D2754BE47002B4735 /* CombineHelpers.swift */,
				92FC9740278D266600364869 /* CommentsUIComposer.swift */,
				1A15C555270E8AB600719525 /* ViewController.swift */,
				1A15C55A270E8ABC00719525 /* Assets.xcassets */,
				1A15C55C270E8ABC00719525 /* LaunchScreen.storyboard */,
				1A15C55F270E8ABC00719525 /* Info.plist */,
			);
			path = EssentialApp;
			sourceTree = "<group>";
		};
		1A15C567270E8ABD00719525 /* EssentialAppTests */ = {
			isa = PBXGroup;
			children = (
				92574AE6270FF4DB004FD315 /* Helpers */,
				929629DA272269630013248F /* FeedUIIntegrationTests.swift */,
				929629B2272262610013248F /* SceneDelegateTests.swift */,
				929629E82722893F0013248F /* FeedAcceptanceTests.swift */,
				92FC973E278D25CA00364869 /* CommentsUIIntegrationTests.swift */,
			);
			path = EssentialAppTests;
			sourceTree = "<group>";
		};
		92574ADA270FE8C1004FD315 /* Frameworks */ = {
			isa = PBXGroup;
			children = (
				92574ADB270FE8C1004FD315 /* EssentialFeed.framework */,
				92574ADC270FE8C1004FD315 /* EssentialFeediOS.framework */,
			);
			name = Frameworks;
			sourceTree = "<group>";
		};
		92574AE6270FF4DB004FD315 /* Helpers */ = {
			isa = PBXGroup;
			children = (
				929629CF272269010013248F /* FeedUIIntegrationTests+LoaderSpy.swift */,
				929629CB272269000013248F /* ListViewController+TestHelpers.swift */,
				929629CA272269000013248F /* UIRefreshControl+TestHelpers.swift */,
				929629CE272269010013248F /* UIButton+TestHelpers.swift */,
				929629CD272269000013248F /* UIControl+TestHelpers.swift */,
				929629C8272269000013248F /* FeedImageCell+TestHelpers.swift */,
				929629C9272269000013248F /* UIImage+TestHelpers.swift */,
				92574AE7270FF4E6004FD315 /* XCTestCase+MemoryLeakTracking.swift */,
				92574AE9270FF538004FD315 /* SharedTestHelpers.swift */,
				929629EA272298AF0013248F /* HTTPClientStub.swift */,
				929629EC272299C40013248F /* InMemoryFeedStore.swift */,
				92511744272F993800805F7B /* UIView+TestHelpers.swift */,
			);
			path = Helpers;
			sourceTree = "<group>";
		};
/* End PBXGroup section */

/* Begin PBXNativeTarget section */
		1A15C54D270E8AB600719525 /* EssentialApp */ = {
			isa = PBXNativeTarget;
			buildConfigurationList = 1A15C578270E8ABD00719525 /* Build configuration list for PBXNativeTarget "EssentialApp" */;
			buildPhases = (
				1A15C54A270E8AB600719525 /* Sources */,
				1A15C54B270E8AB600719525 /* Frameworks */,
				1A15C54C270E8AB600719525 /* Resources */,
				92574AE1270FE8C1004FD315 /* Embed Frameworks */,
			);
			buildRules = (
			);
			dependencies = (
			);
			name = EssentialApp;
			productName = EssentialApp;
			productReference = 1A15C54E270E8AB600719525 /* EssentialApp.app */;
			productType = "com.apple.product-type.application";
		};
		1A15C563270E8ABD00719525 /* EssentialAppTests */ = {
			isa = PBXNativeTarget;
			buildConfigurationList = 1A15C57B270E8ABD00719525 /* Build configuration list for PBXNativeTarget "EssentialAppTests" */;
			buildPhases = (
				1A15C560270E8ABD00719525 /* Sources */,
				1A15C561270E8ABD00719525 /* Frameworks */,
				1A15C562270E8ABD00719525 /* Resources */,
			);
			buildRules = (
			);
			dependencies = (
				1A15C566270E8ABD00719525 /* PBXTargetDependency */,
			);
			name = EssentialAppTests;
			productName = EssentialAppTests;
			productReference = 1A15C564270E8ABD00719525 /* EssentialAppTests.xctest */;
			productType = "com.apple.product-type.bundle.unit-test";
		};
/* End PBXNativeTarget section */

/* Begin PBXProject section */
		1A15C546270E8AB600719525 /* Project object */ = {
			isa = PBXProject;
			attributes = {
				BuildIndependentTargetsInParallel = 1;
				LastSwiftUpdateCheck = 1300;
				LastUpgradeCheck = 1300;
				TargetAttributes = {
					1A15C54D270E8AB600719525 = {
						CreatedOnToolsVersion = 13.0;
					};
					1A15C563270E8ABD00719525 = {
						CreatedOnToolsVersion = 13.0;
						LastSwiftMigration = 1300;
						TestTargetID = 1A15C54D270E8AB600719525;
					};
				};
			};
			buildConfigurationList = 1A15C549270E8AB600719525 /* Build configuration list for PBXProject "EssentialApp" */;
			compatibilityVersion = "Xcode 13.0";
			developmentRegion = en;
			hasScannedForEncodings = 0;
			knownRegions = (
				en,
				Base,
			);
			mainGroup = 1A15C545270E8AB600719525;
			productRefGroup = 1A15C54F270E8AB600719525 /* Products */;
			projectDirPath = "";
			projectRoot = "";
			targets = (
				1A15C54D270E8AB600719525 /* EssentialApp */,
				1A15C563270E8ABD00719525 /* EssentialAppTests */,
			);
		};
/* End PBXProject section */

/* Begin PBXResourcesBuildPhase section */
		1A15C54C270E8AB600719525 /* Resources */ = {
			isa = PBXResourcesBuildPhase;
			buildActionMask = 2147483647;
			files = (
				1A15C55E270E8ABC00719525 /* LaunchScreen.storyboard in Resources */,
				1A15C55B270E8ABC00719525 /* Assets.xcassets in Resources */,
			);
			runOnlyForDeploymentPostprocessing = 0;
		};
		1A15C562270E8ABD00719525 /* Resources */ = {
			isa = PBXResourcesBuildPhase;
			buildActionMask = 2147483647;
			files = (
			);
			runOnlyForDeploymentPostprocessing = 0;
		};
/* End PBXResourcesBuildPhase section */

/* Begin PBXSourcesBuildPhase section */
		1A15C54A270E8AB600719525 /* Sources */ = {
			isa = PBXSourcesBuildPhase;
			buildActionMask = 2147483647;
			files = (
				929629E7272269D50013248F /* FeedViewAdapter.swift in Sources */,
				1A15C556270E8AB600719525 /* ViewController.swift in Sources */,
				92D8F60E2754BE47002B4735 /* CombineHelpers.swift in Sources */,
				929629E3272269D50013248F /* WeakRefVirtualProxy.swift in Sources */,
				92FC9741278D266600364869 /* CommentsUIComposer.swift in Sources */,
				1A15C552270E8AB600719525 /* AppDelegate.swift in Sources */,
				929629E5272269D50013248F /* LoadResourcePresentationAdapter.swift in Sources */,
				1A15C554270E8AB600719525 /* SceneDelegate.swift in Sources */,
				929629E4272269D50013248F /* FeedUIComposer.swift in Sources */,
			);
			runOnlyForDeploymentPostprocessing = 0;
		};
		1A15C560270E8ABD00719525 /* Sources */ = {
			isa = PBXSourcesBuildPhase;
			buildActionMask = 2147483647;
			files = (
				92574AEA270FF538004FD315 /* SharedTestHelpers.swift in Sources */,
				929629EB272298AF0013248F /* HTTPClientStub.swift in Sources */,
				929629D0272269010013248F /* UIRefreshControl+TestHelpers.swift in Sources */,
				92FC973F278D25CA00364869 /* CommentsUIIntegrationTests.swift in Sources */,
				929629D7272269010013248F /* UIImage+TestHelpers.swift in Sources */,
				929629DB272269630013248F /* FeedUIIntegrationTests.swift in Sources */,
				929629D5272269010013248F /* UIControl+TestHelpers.swift in Sources */,
				92511745272F993800805F7B /* UIView+TestHelpers.swift in Sources */,
				929629D4272269010013248F /* FeedUIIntegrationTests+LoaderSpy.swift in Sources */,
				929629D3272269010013248F /* ListViewController+TestHelpers.swift in Sources */,
				929629B3272262610013248F /* SceneDelegateTests.swift in Sources */,
				929629D6272269010013248F /* FeedImageCell+TestHelpers.swift in Sources */,
				929629D2272269010013248F /* UIButton+TestHelpers.swift in Sources */,
				929629ED272299C40013248F /* InMemoryFeedStore.swift in Sources */,
				929629E92722893F0013248F /* FeedAcceptanceTests.swift in Sources */,
				92574AE8270FF4E6004FD315 /* XCTestCase+MemoryLeakTracking.swift in Sources */,
			);
			runOnlyForDeploymentPostprocessing = 0;
		};
/* End PBXSourcesBuildPhase section */

/* Begin PBXTargetDependency section */
		1A15C566270E8ABD00719525 /* PBXTargetDependency */ = {
			isa = PBXTargetDependency;
			target = 1A15C54D270E8AB600719525 /* EssentialApp */;
			targetProxy = 1A15C565270E8ABD00719525 /* PBXContainerItemProxy */;
		};
/* End PBXTargetDependency section */

/* Begin PBXVariantGroup section */
		1A15C55C270E8ABC00719525 /* LaunchScreen.storyboard */ = {
			isa = PBXVariantGroup;
			children = (
				1A15C55D270E8ABC00719525 /* Base */,
			);
			name = LaunchScreen.storyboard;
			sourceTree = "<group>";
		};
/* End PBXVariantGroup section */

/* Begin XCBuildConfiguration section */
		1A15C576270E8ABD00719525 /* Debug */ = {
			isa = XCBuildConfiguration;
			buildSettings = {
				ALWAYS_SEARCH_USER_PATHS = NO;
				CLANG_ANALYZER_NONNULL = YES;
				CLANG_ANALYZER_NUMBER_OBJECT_CONVERSION = YES_AGGRESSIVE;
				CLANG_CXX_LANGUAGE_STANDARD = "gnu++17";
				CLANG_CXX_LIBRARY = "libc++";
				CLANG_ENABLE_MODULES = YES;
				CLANG_ENABLE_OBJC_ARC = YES;
				CLANG_ENABLE_OBJC_WEAK = YES;
				CLANG_WARN_BLOCK_CAPTURE_AUTORELEASING = YES;
				CLANG_WARN_BOOL_CONVERSION = YES;
				CLANG_WARN_COMMA = YES;
				CLANG_WARN_CONSTANT_CONVERSION = YES;
				CLANG_WARN_DEPRECATED_OBJC_IMPLEMENTATIONS = YES;
				CLANG_WARN_DIRECT_OBJC_ISA_USAGE = YES_ERROR;
				CLANG_WARN_DOCUMENTATION_COMMENTS = YES;
				CLANG_WARN_EMPTY_BODY = YES;
				CLANG_WARN_ENUM_CONVERSION = YES;
				CLANG_WARN_INFINITE_RECURSION = YES;
				CLANG_WARN_INT_CONVERSION = YES;
				CLANG_WARN_NON_LITERAL_NULL_CONVERSION = YES;
				CLANG_WARN_OBJC_IMPLICIT_RETAIN_SELF = YES;
				CLANG_WARN_OBJC_LITERAL_CONVERSION = YES;
				CLANG_WARN_OBJC_ROOT_CLASS = YES_ERROR;
				CLANG_WARN_QUOTED_INCLUDE_IN_FRAMEWORK_HEADER = YES;
				CLANG_WARN_RANGE_LOOP_ANALYSIS = YES;
				CLANG_WARN_STRICT_PROTOTYPES = YES;
				CLANG_WARN_SUSPICIOUS_MOVE = YES;
				CLANG_WARN_UNGUARDED_AVAILABILITY = YES_AGGRESSIVE;
				CLANG_WARN_UNREACHABLE_CODE = YES;
				CLANG_WARN__DUPLICATE_METHOD_MATCH = YES;
				COPY_PHASE_STRIP = NO;
				DEBUG_INFORMATION_FORMAT = dwarf;
				ENABLE_STRICT_OBJC_MSGSEND = YES;
				ENABLE_TESTABILITY = YES;
				GCC_C_LANGUAGE_STANDARD = gnu11;
				GCC_DYNAMIC_NO_PIC = NO;
				GCC_NO_COMMON_BLOCKS = YES;
				GCC_OPTIMIZATION_LEVEL = 0;
				GCC_PREPROCESSOR_DEFINITIONS = (
					"DEBUG=1",
					"$(inherited)",
				);
				GCC_WARN_64_TO_32_BIT_CONVERSION = YES;
				GCC_WARN_ABOUT_RETURN_TYPE = YES_ERROR;
				GCC_WARN_UNDECLARED_SELECTOR = YES;
				GCC_WARN_UNINITIALIZED_AUTOS = YES_AGGRESSIVE;
				GCC_WARN_UNUSED_FUNCTION = YES;
				GCC_WARN_UNUSED_VARIABLE = YES;
				IPHONEOS_DEPLOYMENT_TARGET = 15.0;
				MTL_ENABLE_DEBUG_INFO = INCLUDE_SOURCE;
				MTL_FAST_MATH = YES;
				ONLY_ACTIVE_ARCH = YES;
				SDKROOT = iphoneos;
				SWIFT_ACTIVE_COMPILATION_CONDITIONS = DEBUG;
				SWIFT_OPTIMIZATION_LEVEL = "-Onone";
			};
			name = Debug;
		};
		1A15C577270E8ABD00719525 /* Release */ = {
			isa = XCBuildConfiguration;
			buildSettings = {
				ALWAYS_SEARCH_USER_PATHS = NO;
				CLANG_ANALYZER_NONNULL = YES;
				CLANG_ANALYZER_NUMBER_OBJECT_CONVERSION = YES_AGGRESSIVE;
				CLANG_CXX_LANGUAGE_STANDARD = "gnu++17";
				CLANG_CXX_LIBRARY = "libc++";
				CLANG_ENABLE_MODULES = YES;
				CLANG_ENABLE_OBJC_ARC = YES;
				CLANG_ENABLE_OBJC_WEAK = YES;
				CLANG_WARN_BLOCK_CAPTURE_AUTORELEASING = YES;
				CLANG_WARN_BOOL_CONVERSION = YES;
				CLANG_WARN_COMMA = YES;
				CLANG_WARN_CONSTANT_CONVERSION = YES;
				CLANG_WARN_DEPRECATED_OBJC_IMPLEMENTATIONS = YES;
				CLANG_WARN_DIRECT_OBJC_ISA_USAGE = YES_ERROR;
				CLANG_WARN_DOCUMENTATION_COMMENTS = YES;
				CLANG_WARN_EMPTY_BODY = YES;
				CLANG_WARN_ENUM_CONVERSION = YES;
				CLANG_WARN_INFINITE_RECURSION = YES;
				CLANG_WARN_INT_CONVERSION = YES;
				CLANG_WARN_NON_LITERAL_NULL_CONVERSION = YES;
				CLANG_WARN_OBJC_IMPLICIT_RETAIN_SELF = YES;
				CLANG_WARN_OBJC_LITERAL_CONVERSION = YES;
				CLANG_WARN_OBJC_ROOT_CLASS = YES_ERROR;
				CLANG_WARN_QUOTED_INCLUDE_IN_FRAMEWORK_HEADER = YES;
				CLANG_WARN_RANGE_LOOP_ANALYSIS = YES;
				CLANG_WARN_STRICT_PROTOTYPES = YES;
				CLANG_WARN_SUSPICIOUS_MOVE = YES;
				CLANG_WARN_UNGUARDED_AVAILABILITY = YES_AGGRESSIVE;
				CLANG_WARN_UNREACHABLE_CODE = YES;
				CLANG_WARN__DUPLICATE_METHOD_MATCH = YES;
				COPY_PHASE_STRIP = NO;
				DEBUG_INFORMATION_FORMAT = "dwarf-with-dsym";
				ENABLE_NS_ASSERTIONS = NO;
				ENABLE_STRICT_OBJC_MSGSEND = YES;
				GCC_C_LANGUAGE_STANDARD = gnu11;
				GCC_NO_COMMON_BLOCKS = YES;
				GCC_WARN_64_TO_32_BIT_CONVERSION = YES;
				GCC_WARN_ABOUT_RETURN_TYPE = YES_ERROR;
				GCC_WARN_UNDECLARED_SELECTOR = YES;
				GCC_WARN_UNINITIALIZED_AUTOS = YES_AGGRESSIVE;
				GCC_WARN_UNUSED_FUNCTION = YES;
				GCC_WARN_UNUSED_VARIABLE = YES;
				IPHONEOS_DEPLOYMENT_TARGET = 15.0;
				MTL_ENABLE_DEBUG_INFO = NO;
				MTL_FAST_MATH = YES;
				SDKROOT = iphoneos;
				SWIFT_COMPILATION_MODE = wholemodule;
				SWIFT_OPTIMIZATION_LEVEL = "-O";
				VALIDATE_PRODUCT = YES;
			};
			name = Release;
		};
		1A15C579270E8ABD00719525 /* Debug */ = {
			isa = XCBuildConfiguration;
			buildSettings = {
				ASSETCATALOG_COMPILER_APPICON_NAME = AppIcon;
				ASSETCATALOG_COMPILER_GLOBAL_ACCENT_COLOR_NAME = AccentColor;
				CODE_SIGN_IDENTITY = "Apple Development";
				CODE_SIGN_STYLE = Automatic;
				CURRENT_PROJECT_VERSION = 1;
				DEVELOPMENT_TEAM = V6T249GHKX;
				GENERATE_INFOPLIST_FILE = YES;
				INFOPLIST_FILE = EssentialApp/Info.plist;
				INFOPLIST_KEY_UIApplicationSupportsIndirectInputEvents = YES;
				INFOPLIST_KEY_UILaunchStoryboardName = LaunchScreen;
				INFOPLIST_KEY_UISupportedInterfaceOrientations_iPad = "UIInterfaceOrientationPortrait UIInterfaceOrientationPortraitUpsideDown UIInterfaceOrientationLandscapeLeft UIInterfaceOrientationLandscapeRight";
				INFOPLIST_KEY_UISupportedInterfaceOrientations_iPhone = "UIInterfaceOrientationPortrait UIInterfaceOrientationLandscapeLeft UIInterfaceOrientationLandscapeRight";
				IPHONEOS_DEPLOYMENT_TARGET = 14.5;
				LD_RUNPATH_SEARCH_PATHS = (
					"$(inherited)",
					"@executable_path/Frameworks",
				);
				MARKETING_VERSION = 1.0;
				PRODUCT_BUNDLE_IDENTIFIER = com.arifinfrds.EssentialAppCaseStudy;
				PRODUCT_NAME = "$(TARGET_NAME)";
				PROVISIONING_PROFILE_SPECIFIER = "";
				SWIFT_EMIT_LOC_STRINGS = YES;
				SWIFT_VERSION = 5.0;
				TARGETED_DEVICE_FAMILY = 1;
			};
			name = Debug;
		};
		1A15C57A270E8ABD00719525 /* Release */ = {
			isa = XCBuildConfiguration;
			buildSettings = {
				ASSETCATALOG_COMPILER_APPICON_NAME = AppIcon;
				ASSETCATALOG_COMPILER_GLOBAL_ACCENT_COLOR_NAME = AccentColor;
				CODE_SIGN_IDENTITY = "Apple Distribution";
				CODE_SIGN_STYLE = Manual;
				CURRENT_PROJECT_VERSION = 1;
				DEVELOPMENT_TEAM = V6T249GHKX;
				GENERATE_INFOPLIST_FILE = YES;
				INFOPLIST_FILE = EssentialApp/Info.plist;
				INFOPLIST_KEY_UIApplicationSupportsIndirectInputEvents = YES;
				INFOPLIST_KEY_UILaunchStoryboardName = LaunchScreen;
				INFOPLIST_KEY_UISupportedInterfaceOrientations_iPad = "UIInterfaceOrientationPortrait UIInterfaceOrientationPortraitUpsideDown UIInterfaceOrientationLandscapeLeft UIInterfaceOrientationLandscapeRight";
				INFOPLIST_KEY_UISupportedInterfaceOrientations_iPhone = "UIInterfaceOrientationPortrait UIInterfaceOrientationLandscapeLeft UIInterfaceOrientationLandscapeRight";
				IPHONEOS_DEPLOYMENT_TARGET = 14.5;
				LD_RUNPATH_SEARCH_PATHS = (
					"$(inherited)",
					"@executable_path/Frameworks",
				);
				MARKETING_VERSION = 1.0;
				PRODUCT_BUNDLE_IDENTIFIER = com.arifinfrds.EssentialAppCaseStudy;
				PRODUCT_NAME = "$(TARGET_NAME)";
				PROVISIONING_PROFILE_SPECIFIER = "Essential App Case Study";
				SWIFT_EMIT_LOC_STRINGS = YES;
				SWIFT_VERSION = 5.0;
				TARGETED_DEVICE_FAMILY = 1;
			};
			name = Release;
		};
		1A15C57C270E8ABD00719525 /* Debug */ = {
			isa = XCBuildConfiguration;
			buildSettings = {
				ALWAYS_EMBED_SWIFT_STANDARD_LIBRARIES = YES;
				BUNDLE_LOADER = "$(TEST_HOST)";
				CLANG_ENABLE_MODULES = YES;
				CODE_SIGN_STYLE = Automatic;
				CURRENT_PROJECT_VERSION = 1;
				DEVELOPMENT_TEAM = V6T249GHKX;
				GENERATE_INFOPLIST_FILE = YES;
				IPHONEOS_DEPLOYMENT_TARGET = 15.0;
				LD_RUNPATH_SEARCH_PATHS = (
					"$(inherited)",
					"@executable_path/Frameworks",
					"@loader_path/Frameworks",
				);
				MARKETING_VERSION = 1.0;
				PRODUCT_BUNDLE_IDENTIFIER = com.arifinfrds.EssentialAppTests;
				PRODUCT_NAME = "$(TARGET_NAME)";
				SWIFT_EMIT_LOC_STRINGS = NO;
				SWIFT_OPTIMIZATION_LEVEL = "-Onone";
				SWIFT_VERSION = 5.0;
				TARGETED_DEVICE_FAMILY = "1,2";
				TEST_HOST = "$(BUILT_PRODUCTS_DIR)/EssentialApp.app/EssentialApp";
			};
			name = Debug;
		};
		1A15C57D270E8ABD00719525 /* Release */ = {
			isa = XCBuildConfiguration;
			buildSettings = {
				ALWAYS_EMBED_SWIFT_STANDARD_LIBRARIES = YES;
				BUNDLE_LOADER = "$(TEST_HOST)";
				CLANG_ENABLE_MODULES = YES;
				CODE_SIGN_STYLE = Automatic;
				CURRENT_PROJECT_VERSION = 1;
				DEVELOPMENT_TEAM = V6T249GHKX;
				GENERATE_INFOPLIST_FILE = YES;
				IPHONEOS_DEPLOYMENT_TARGET = 15.0;
				LD_RUNPATH_SEARCH_PATHS = (
					"$(inherited)",
					"@executable_path/Frameworks",
					"@loader_path/Frameworks",
				);
				MARKETING_VERSION = 1.0;
				PRODUCT_BUNDLE_IDENTIFIER = com.arifinfrds.EssentialAppTests;
				PRODUCT_NAME = "$(TARGET_NAME)";
				SWIFT_EMIT_LOC_STRINGS = NO;
				SWIFT_VERSION = 5.0;
				TARGETED_DEVICE_FAMILY = "1,2";
				TEST_HOST = "$(BUILT_PRODUCTS_DIR)/EssentialApp.app/EssentialApp";
			};
			name = Release;
		};
/* End XCBuildConfiguration section */

/* Begin XCConfigurationList section */
		1A15C549270E8AB600719525 /* Build configuration list for PBXProject "EssentialApp" */ = {
			isa = XCConfigurationList;
			buildConfigurations = (
				1A15C576270E8ABD00719525 /* Debug */,
				1A15C577270E8ABD00719525 /* Release */,
			);
			defaultConfigurationIsVisible = 0;
			defaultConfigurationName = Release;
		};
		1A15C578270E8ABD00719525 /* Build configuration list for PBXNativeTarget "EssentialApp" */ = {
			isa = XCConfigurationList;
			buildConfigurations = (
				1A15C579270E8ABD00719525 /* Debug */,
				1A15C57A270E8ABD00719525 /* Release */,
			);
			defaultConfigurationIsVisible = 0;
			defaultConfigurationName = Release;
		};
		1A15C57B270E8ABD00719525 /* Build configuration list for PBXNativeTarget "EssentialAppTests" */ = {
			isa = XCConfigurationList;
			buildConfigurations = (
				1A15C57C270E8ABD00719525 /* Debug */,
				1A15C57D270E8ABD00719525 /* Release */,
			);
			defaultConfigurationIsVisible = 0;
			defaultConfigurationName = Release;
		};
/* End XCConfigurationList section */
	};
	rootObject = 1A15C546270E8AB600719525 /* Project object */;
}
